{
  "name": "next-todo-app",
  "version": "0.1.0",
  "lockfileVersion": 3,
  "requires": true,
  "packages": {
    "": {
      "name": "next-todo-app",
      "version": "0.1.0",
      "dependencies": {
        "next": "14.2.13",
        "react": "18.3.1",
        "react-dom": "18.3.1",
        "reflect-metadata": "0.2.2",
        "sqlite3": "5.1.7",
        "typeorm": "0.3.20"
      },
      "devDependencies": {
        "@types/node": "20.12.12",
        "@types/react": "18.3.3",
        "@types/react-dom": "18.3.0",
        "autoprefixer": "10.4.19",
        "postcss": "8.4.38",
        "tailwindcss": "3.4.3",
        "ts-node": "10.9.2",
        "typescript": "5.4.5"
      }
    },
    "node_modules/@types/node": {
      "version": "20.12.12",
      "resolved": "https://registry.npmjs.org/@types/node/-/node-20.12.12.tgz",
      "integrity": "sha512-eZDIAG/HHHm2CRrDVR8t10jwwe7j1VMXE6qgOZ2lWbYQmTFu4EbfnNeGfL6vE/nN2BGQR4D0AAAAAAAAAAA=="
    }
  }
}